// !$*UTF8*$!
{
	archiveVersion = 1;
	classes = {
	};
	objectVersion = 46;
	objects = {

/* Begin PBXBuildFile section */
		80C026881D17DACA00532473 /* AppDelegate.swift in Sources */ = {isa = PBXBuildFile; fileRef = 80C026871D17DACA00532473 /* AppDelegate.swift */; };
		80C0268A1D17DACA00532473 /* ViewController.swift in Sources */ = {isa = PBXBuildFile; fileRef = 80C026891D17DACA00532473 /* ViewController.swift */; };
		80C0268D1D17DACA00532473 /* Main.storyboard in Resources */ = {isa = PBXBuildFile; fileRef = 80C0268B1D17DACA00532473 /* Main.storyboard */; };
		80C026901D17DACA00532473 /* IReader.xcdatamodeld in Sources */ = {isa = PBXBuildFile; fileRef = 80C0268E1D17DACA00532473 /* IReader.xcdatamodeld */; };
		80C026921D17DACA00532473 /* Assets.xcassets in Resources */ = {isa = PBXBuildFile; fileRef = 80C026911D17DACA00532473 /* Assets.xcassets */; };
		80C026951D17DACA00532473 /* LaunchScreen.storyboard in Resources */ = {isa = PBXBuildFile; fileRef = 80C026931D17DACA00532473 /* LaunchScreen.storyboard */; };
/* End PBXBuildFile section */

/* Begin PBXFileReference section */
		80C026841D17DACA00532473 /* IReader.app */ = {isa = PBXFileReference; explicitFileType = wrapper.application; includeInIndex = 0; path = IReader.app; sourceTree = BUILT_PRODUCTS_DIR; };
		80C026871D17DACA00532473 /* AppDelegate.swift */ = {isa = PBXFileReference; lastKnownFileType = sourcecode.swift; path = AppDelegate.swift; sourceTree = "<group>"; };
		80C026891D17DACA00532473 /* ViewController.swift */ = {isa = PBXFileReference; lastKnownFileType = sourcecode.swift; path = ViewController.swift; sourceTree = "<group>"; };
		80C0268C1D17DACA00532473 /* Base */ = {isa = PBXFileReference; lastKnownFileType = file.storyboard; name = Base; path = Base.lproj/Main.storyboard; sourceTree = "<group>"; };
		80C0268F1D17DACA00532473 /* IReader.xcdatamodel */ = {isa = PBXFileReference; lastKnownFileType = wrapper.xcdatamodel; path = IReader.xcdatamodel; sourceTree = "<group>"; };
		80C026911D17DACA00532473 /* Assets.xcassets */ = {isa = PBXFileReference; lastKnownFileType = folder.assetcatalog; path = Assets.xcassets; sourceTree = "<group>"; };
		80C026941D17DACA00532473 /* Base */ = {isa = PBXFileReference; lastKnownFileType = file.storyboard; name = Base; path = Base.lproj/LaunchScreen.storyboard; sourceTree = "<group>"; };
		80C026961D17DACA00532473 /* Info.plist */ = {isa = PBXFileReference; lastKnownFileType = text.plist.xml; path = Info.plist; sourceTree = "<group>"; };
/* End PBXFileReference section */

/* Begin PBXFrameworksBuildPhase section */
		80C026811D17DACA00532473 /* Frameworks */ = {
			isa = PBXFrameworksBuildPhase;
			buildActionMask = 2147483647;
			files = (
			);
			runOnlyForDeploymentPostprocessing = 0;
		};
/* End PBXFrameworksBuildPhase section */

/* Begin PBXGroup section */
		80C0267B1D17DACA00532473 = {
			isa = PBXGroup;
			children = (
				80C026861D17DACA00532473 /* IReader */,
				80C026851D17DACA00532473 /* Products */,
			);
			sourceTree = "<group>";
		};
		80C026851D17DACA00532473 /* Products */ = {
			isa = PBXGroup;
			children = (
				80C026841D17DACA00532473 /* IReader.app */,
			);
			name = Products;
			sourceTree = "<group>";
		};
		80C026861D17DACA00532473 /* IReader */ = {
			isa = PBXGroup;
			children = (
				80C026871D17DACA00532473 /* AppDelegate.swift */,
				80C026891D17DACA00532473 /* ViewController.swift */,
				80C0268B1D17DACA00532473 /* Main.storyboard */,
				80C026911D17DACA00532473 /* Assets.xcassets */,
				80C026931D17DACA00532473 /* LaunchScreen.storyboard */,
				80C026961D17DACA00532473 /* Info.plist */,
				80C0268E1D17DACA00532473 /* IReader.xcdatamodeld */,
			);
			path = IReader;
			sourceTree = "<group>";
		};
/* End PBXGroup section */

/* Begin PBXNativeTarget section */
		80C026831D17DACA00532473 /* IReader */ = {
			isa = PBXNativeTarget;
			buildConfigurationList = 80C026991D17DACA00532473 /* Build configuration list for PBXNativeTarget "IReader" */;
			buildPhases = (
				80C026801D17DACA00532473 /* Sources */,
				80C026811D17DACA00532473 /* Frameworks */,
				80C026821D17DACA00532473 /* Resources */,
			);
			buildRules = (
			);
			dependencies = (
			);
			name = IReader;
			productName = IReader;
			productReference = 80C026841D17DACA00532473 /* IReader.app */;
			productType = "com.apple.product-type.application";
		};
/* End PBXNativeTarget section */

/* Begin PBXProject section */
		80C0267C1D17DACA00532473 /* Project object */ = {
			isa = PBXProject;
			attributes = {
				LastSwiftUpdateCheck = 0730;
				LastUpgradeCheck = 0730;
				ORGANIZATIONNAME = "高国富";
				TargetAttributes = {
					80C026831D17DACA00532473 = {
						CreatedOnToolsVersion = 7.3.1;
						DevelopmentTeam = T74T63H526;
					};
				};
			};
			buildConfigurationList = 80C0267F1D17DACA00532473 /* Build configuration list for PBXProject "IReader" */;
			compatibilityVersion = "Xcode 3.2";
			developmentRegion = English;
			hasScannedForEncodings = 0;
			knownRegions = (
				en,
				Base,
			);
			mainGroup = 80C0267B1D17DACA00532473;
			productRefGroup = 80C026851D17DACA00532473 /* Products */;
			projectDirPath = "";
			projectRoot = "";
			targets = (
				80C026831D17DACA00532473 /* IReader */,
			);
		};
/* End PBXProject section */

/* Begin PBXResourcesBuildPhase section */
		80C026821D17DACA00532473 /* Resources */ = {
			isa = PBXResourcesBuildPhase;
			buildActionMask = 2147483647;
			files = (
				80C026951D17DACA00532473 /* LaunchScreen.storyboard in Resources */,
				80C026921D17DACA00532473 /* Assets.xcassets in Resources */,
				80C0268D1D17DACA00532473 /* Main.storyboard in Resources */,
			);
			runOnlyForDeploymentPostprocessing = 0;
		};
/* End PBXResourcesBuildPhase section */

/* Begin PBXSourcesBuildPhase section */
		80C026801D17DACA00532473 /* Sources */ = {
			isa = PBXSourcesBuildPhase;
			buildActionMask = 2147483647;
			files = (
				80C0268A1D17DACA00532473 /* ViewController.swift in Sources */,
				80C026901D17DACA00532473 /* IReader.xcdatamodeld in Sources */,
				80C026881D17DACA00532473 /* AppDelegate.swift in Sources */,
			);
			runOnlyForDeploymentPostprocessing = 0;
		};
/* End PBXSourcesBuildPhase section */

/* Begin PBXVariantGroup section */
		80C0268B1D17DACA00532473 /* Main.storyboard */ = {
			isa = PBXVariantGroup;
			children = (
				80C0268C1D17DACA00532473 /* Base */,
			);
			name = Main.storyboard;
			sourceTree = "<group>";
		};
		80C026931D17DACA00532473 /* LaunchScreen.storyboard */ = {
			isa = PBXVariantGroup;
			children = (
				80C026941D17DACA00532473 /* Base */,
			);
			name = LaunchScreen.storyboard;
			sourceTree = "<group>";
		};
/* End PBXVariantGroup section */

/* Begin XCBuildConfiguration section */
		80C026971D17DACA00532473 /* Debug */ = {
			isa = XCBuildConfiguration;
			buildSettings = {
				ALWAYS_SEARCH_USER_PATHS = NO;
				CLANG_ANALYZER_NONNULL = YES;
				CLANG_CXX_LANGUAGE_STANDARD = "gnu++0x";
				CLANG_CXX_LIBRARY = "libc++";
				CLANG_ENABLE_MODULES = YES;
				CLANG_ENABLE_OBJC_ARC = YES;
				CLANG_WARN_BOOL_CONVERSION = YES;
				CLANG_WARN_CONSTANT_CONVERSION = YES;
				CLANG_WARN_DIRECT_OBJC_ISA_USAGE = YES_ERROR;
				CLANG_WARN_EMPTY_BODY = YES;
				CLANG_WARN_ENUM_CONVERSION = YES;
				CLANG_WARN_INT_CONVERSION = YES;
				CLANG_WARN_OBJC_ROOT_CLASS = YES_ERROR;
				CLANG_WARN_UNREACHABLE_CODE = YES;
				CLANG_WARN__DUPLICATE_METHOD_MATCH = YES;
				"CODE_SIGN_IDENTITY[sdk=iphoneos*]" = "iPhone Developer";
				COPY_PHASE_STRIP = NO;
				DEBUG_INFORMATION_FORMAT = dwarf;
				ENABLE_STRICT_OBJC_MSGSEND = YES;
				ENABLE_TESTABILITY = YES;
				GCC_C_LANGUAGE_STANDARD = gnu99;
				GCC_DYNAMIC_NO_PIC = NO;
				GCC_NO_COMMON_BLOCKS = YES;
				GCC_OPTIMIZATION_LEVEL = 0;
				GCC_PREPROCESSOR_DEFINITIONS = (
					"DEBUG=1",
					"$(inherited)",
				);
				GCC_WARN_64_TO_32_BIT_CONVERSION = YES;
				GCC_WARN_ABOUT_RETURN_TYPE = YES_ERROR;
				GCC_WARN_UNDECLARED_SELECTOR = YES;
				GCC_WARN_UNINITIALIZED_AUTOS = YES_AGGRESSIVE;
				GCC_WARN_UNUSED_FUNCTION = YES;
				GCC_WARN_UNUSED_VARIABLE = YES;
				IPHONEOS_DEPLOYMENT_TARGET = 9.3;
				MTL_ENABLE_DEBUG_INFO = YES;
				ONLY_ACTIVE_ARCH = YES;
				SDKROOT = iphoneos;
				SWIFT_OPTIMIZATION_LEVEL = "-Onone";
			};
			name = Debug;
		};
		80C026981D17DACA00532473 /* Release */ = {
			isa = XCBuildConfiguration;
			buildSettings = {
				ALWAYS_SEARCH_USER_PATHS = NO;
				CLANG_ANALYZER_NONNULL = YES;
				CLANG_CXX_LANGUAGE_STANDARD = "gnu++0x";
				CLANG_CXX_LIBRARY = "libc++";
				CLANG_ENABLE_MODULES = YES;
				CLANG_ENABLE_OBJC_ARC = YES;
				CLANG_WARN_BOOL_CONVERSION = YES;
				CLANG_WARN_CONSTANT_CONVERSION = YES;
				CLANG_WARN_DIRECT_OBJC_ISA_USAGE = YES_ERROR;
				CLANG_WARN_EMPTY_BODY = YES;
				CLANG_WARN_ENUM_CONVERSION = YES;
				CLANG_WARN_INT_CONVERSION = YES;
				CLANG_WARN_OBJC_ROOT_CLASS = YES_ERROR;
				CLANG_WARN_UNREACHABLE_CODE = YES;
				CLANG_WARN__DUPLICATE_METHOD_MATCH = YES;
				"CODE_SIGN_IDENTITY[sdk=iphoneos*]" = "iPhone Developer";
				COPY_PHASE_STRIP = NO;
				DEBUG_INFORMATION_FORMAT = "dwarf-with-dsym";
				ENABLE_NS_ASSERTIONS = NO;
				ENABLE_STRICT_OBJC_MSGSEND = YES;
				GCC_C_LANGUAGE_STANDARD = gnu99;
				GCC_NO_COMMON_BLOCKS = YES;
				GCC_WARN_64_TO_32_BIT_CONVERSION = YES;
				GCC_WARN_ABOUT_RETURN_TYPE = YES_ERROR;
				GCC_WARN_UNDECLARED_SELECTOR = YES;
				GCC_WARN_UNINITIALIZED_AUTOS = YES_AGGRESSIVE;
				GCC_WARN_UNUSED_FUNCTION = YES;
				GCC_WARN_UNUSED_VARIABLE = YES;
				IPHONEOS_DEPLOYMENT_TARGET = 9.3;
				MTL_ENABLE_DEBUG_INFO = NO;
				SDKROOT = iphoneos;
				VALIDATE_PRODUCT = YES;
			};
			name = Release;
		};
		80C0269A1D17DACA00532473 /* Debug */ = {
			isa = XCBuildConfiguration;
			buildSettings = {
				ASSETCATALOG_COMPILER_APPICON_NAME = AppIcon;
				CODE_SIGN_IDENTITY = "iPhone Developer";
				INFOPLIST_FILE = IReader/Info.plist;
				LD_RUNPATH_SEARCH_PATHS = "$(inherited) @executable_path/Frameworks";
				PRODUCT_BUNDLE_IDENTIFIER = com.Answer.IReader;
				PRODUCT_NAME = "$(TARGET_NAME)";
			};
			name = Debug;
		};
		80C0269B1D17DACA00532473 /* Release */ = {
			isa = XCBuildConfiguration;
			buildSettings = {
				ASSETCATALOG_COMPILER_APPICON_NAME = AppIcon;
				CODE_SIGN_IDENTITY = "iPhone Developer";
				INFOPLIST_FILE = IReader/Info.plist;
				LD_RUNPATH_SEARCH_PATHS = "$(inherited) @executable_path/Frameworks";
				PRODUCT_BUNDLE_IDENTIFIER = com.Answer.IReader;
				PRODUCT_NAME = "$(TARGET_NAME)";
			};
			name = Release;
		};
/* End XCBuildConfiguration section */

/* Begin XCConfigurationList section */
		80C0267F1D17DACA00532473 /* Build configuration list for PBXProject "IReader" */ = {
			isa = XCConfigurationList;
			buildConfigurations = (
				80C026971D17DACA00532473 /* Debug */,
				80C026981D17DACA00532473 /* Release */,
			);
			defaultConfigurationIsVisible = 0;
			defaultConfigurationName = Release;
		};
		80C026991D17DACA00532473 /* Build configuration list for PBXNativeTarget "IReader" */ = {
			isa = XCConfigurationList;
			buildConfigurations = (
				80C0269A1D17DACA00532473 /* Debug */,
				80C0269B1D17DACA00532473 /* Release */,
			);
			defaultConfigurationIsVisible = 0;
		};
/* End XCConfigurationList section */

/* Begin XCVersionGroup section */
		80C0268E1D17DACA00532473 /* IReader.xcdatamodeld */ = {
			isa = XCVersionGroup;
			children = (
				80C0268F1D17DACA00532473 /* IReader.xcdatamodel */,
			);
			currentVersion = 80C0268F1D17DACA00532473 /* IReader.xcdatamodel */;
			path = IReader.xcdatamodeld;
			sourceTree = "<group>";
			versionGroupType = wrapper.xcdatamodel;
		};
/* End XCVersionGroup section */
	};
	rootObject = 80C0267C1D17DACA00532473 /* Project object */;
}
